{
	"name": "devuilanguagesupport",
	"version": "1.0.0",
	"lockfileVersion": 1,
	"requires": true,
	"dependencies": {
		"vscode-jsonrpc": {
			"version": "5.0.1",
			"resolved": "https://registry.npm.taobao.org/vscode-jsonrpc/download/vscode-jsonrpc-5.0.1.tgz?cache=0&sync_timestamp=1584962163852&other_urls=https%3A%2F%2Fregistry.npm.taobao.org%2Fvscode-jsonrpc%2Fdownload%2Fvscode-jsonrpc-5.0.1.tgz",
			"integrity": "sha1-m6ucMw2J9D/IwehwK1w24FigF5Q="
		},
		"vscode-languageserver": {
			"version": "6.1.1",
			"resolved": "https://registry.npm.taobao.org/vscode-languageserver/download/vscode-languageserver-6.1.1.tgz?cache=0&sync_timestamp=1584962164576&other_urls=https%3A%2F%2Fregistry.npm.taobao.org%2Fvscode-languageserver%2Fdownload%2Fvscode-languageserver-6.1.1.tgz",
			"integrity": "sha1-12r8aBcsJ9QyfudDMrRo+8dA12I=",
			"requires": {
				"vscode-languageserver-protocol": "^3.15.3"
			}
		},
		"vscode-languageserver-protocol": {
			"version": "3.15.3",
			"resolved": "https://registry.npm.taobao.org/vscode-languageserver-protocol/download/vscode-languageserver-protocol-3.15.3.tgz?cache=0&sync_timestamp=1584962162076&other_urls=https%3A%2F%2Fregistry.npm.taobao.org%2Fvscode-languageserver-protocol%2Fdownload%2Fvscode-languageserver-protocol-3.15.3.tgz",
			"integrity": "sha1-P6mgcC10LPeIPLYYKmIS/NCh2Ls=",
			"requires": {
				"vscode-jsonrpc": "^5.0.1",
				"vscode-languageserver-types": "3.15.1"
			}
		},
		"vscode-languageserver-textdocument": {
			"version": "1.0.1",
			"resolved": "https://registry.npm.taobao.org/vscode-languageserver-textdocument/download/vscode-languageserver-textdocument-1.0.1.tgz",
			"integrity": "sha1-F4Fo6H761hcbNyrdHeo09T5dMw8="
		},
		"vscode-languageserver-types": {
			"version": "3.15.1",
			"resolved": "https://registry.npm.taobao.org/vscode-languageserver-types/download/vscode-languageserver-types-3.15.1.tgz",
			"integrity": "sha1-F75x140vYjbUFPAAHOHvTSPmtt4="
		},
		"vscode-uri": {
			"version": "2.1.1",
			"resolved": "https://registry.npmjs.org/vscode-uri/-/vscode-uri-2.1.1.tgz",
			"integrity": "sha512-eY9jmGoEnVf8VE8xr5znSah7Qt1P/xsCdErz+g8HYZtJ7bZqKH5E3d+6oVNm1AC/c6IHUDokbmVXKOi4qPAC9A=="
		}
	}
}
